// !$*UTF8*$!
{
	archiveVersion = 1;
	classes = {
	};
	objectVersion = 50;
	objects = {

/* Begin PBXBuildFile section */
		9887D9382822798200CF7E9F /* .travis.yml in Resources */ = {isa = PBXBuildFile; fileRef = 9887D9372822798200CF7E9F /* .travis.yml */; };
		9887D94D2825419E00CF7E9F /* ScoreTest.swift in Sources */ = {isa = PBXBuildFile; fileRef = 9887D94C2825419E00CF7E9F /* ScoreTest.swift */; };
		9887D950282541D600CF7E9F /* BasicScore.swift in Sources */ = {isa = PBXBuildFile; fileRef = 9887D94F282541D600CF7E9F /* BasicScore.swift */; };
		98B1095A28118E2500A58FC8 /* AppDelegate.swift in Sources */ = {isa = PBXBuildFile; fileRef = 98B1095928118E2500A58FC8 /* AppDelegate.swift */; };
		98B1095C28118E2500A58FC8 /* SceneDelegate.swift in Sources */ = {isa = PBXBuildFile; fileRef = 98B1095B28118E2500A58FC8 /* SceneDelegate.swift */; };
		98B1096328118E2A00A58FC8 /* Assets.xcassets in Resources */ = {isa = PBXBuildFile; fileRef = 98B1096228118E2A00A58FC8 /* Assets.xcassets */; };
		98B1096628118E2A00A58FC8 /* LaunchScreen.storyboard in Resources */ = {isa = PBXBuildFile; fileRef = 98B1096428118E2A00A58FC8 /* LaunchScreen.storyboard */; };
		98B1098A281190EB00A58FC8 /* QuestionViewController.swift in Sources */ = {isa = PBXBuildFile; fileRef = 98B10989281190EB00A58FC8 /* QuestionViewController.swift */; };
		98B1098C281191D700A58FC8 /* QuestionViewControllerTest.swift in Sources */ = {isa = PBXBuildFile; fileRef = 98B1098B281191D700A58FC8 /* QuestionViewControllerTest.swift */; };
		98B1098E281192DD00A58FC8 /* QuestionViewController.xib in Resources */ = {isa = PBXBuildFile; fileRef = 98B1098D281192DD00A58FC8 /* QuestionViewController.xib */; };
		98B109922813D08600A58FC8 /* ResultViewControllerTest.swift in Sources */ = {isa = PBXBuildFile; fileRef = 98B109912813D08600A58FC8 /* ResultViewControllerTest.swift */; };
		98B109942813D0EB00A58FC8 /* ResultViewController.swift in Sources */ = {isa = PBXBuildFile; fileRef = 98B109932813D0EB00A58FC8 /* ResultViewController.swift */; };
		98B109962813D11900A58FC8 /* ResultViewController.xib in Resources */ = {isa = PBXBuildFile; fileRef = 98B109952813D11900A58FC8 /* ResultViewController.xib */; };
		98B109982814054100A58FC8 /* TableViewHelpers.swift in Sources */ = {isa = PBXBuildFile; fileRef = 98B109972814054100A58FC8 /* TableViewHelpers.swift */; };
		98B1099A28140A9C00A58FC8 /* CorrectAnswerCell.xib in Resources */ = {isa = PBXBuildFile; fileRef = 98B1099928140A9C00A58FC8 /* CorrectAnswerCell.xib */; };
		98B1099C28140E0600A58FC8 /* WrongAnswerCell.xib in Resources */ = {isa = PBXBuildFile; fileRef = 98B1099B28140E0600A58FC8 /* WrongAnswerCell.xib */; };
		98B1099E28166AC000A58FC8 /* UITableViewExtenstions.swift in Sources */ = {isa = PBXBuildFile; fileRef = 98B1099D28166AC000A58FC8 /* UITableViewExtenstions.swift */; };
		98B109A028166AED00A58FC8 /* PresentableAnswer.swift in Sources */ = {isa = PBXBuildFile; fileRef = 98B1099F28166AED00A58FC8 /* PresentableAnswer.swift */; };
		98B109A228166B0600A58FC8 /* CorrectAnswerCell.swift in Sources */ = {isa = PBXBuildFile; fileRef = 98B109A128166B0600A58FC8 /* CorrectAnswerCell.swift */; };
		98B109A428166B1B00A58FC8 /* WrongAnswerCell.swift in Sources */ = {isa = PBXBuildFile; fileRef = 98B109A328166B1B00A58FC8 /* WrongAnswerCell.swift */; };
		98B109D42817C20700A58FC8 /* QuizEngine.framework in Frameworks */ = {isa = PBXBuildFile; fileRef = 98B109D32817C20700A58FC8 /* QuizEngine.framework */; };
		98B109D62817CE8000A58FC8 /* NavigationControllerRouterTest.swift in Sources */ = {isa = PBXBuildFile; fileRef = 98B109D52817CE8000A58FC8 /* NavigationControllerRouterTest.swift */; };
		98B109D82817CF6300A58FC8 /* NavigationControllerRouter.swift in Sources */ = {isa = PBXBuildFile; fileRef = 98B109D72817CF6200A58FC8 /* NavigationControllerRouter.swift */; };
		98B109E028190D5B00A58FC8 /* ViewControllerFactory.swift in Sources */ = {isa = PBXBuildFile; fileRef = 98B109DF28190D5B00A58FC8 /* ViewControllerFactory.swift */; };
		98B109E228190D9F00A58FC8 /* iOSViewControllerFactoryTest.swift in Sources */ = {isa = PBXBuildFile; fileRef = 98B109E128190D9F00A58FC8 /* iOSViewControllerFactoryTest.swift */; };
		98B109E428190E0500A58FC8 /* iOSViewControllerFactory.swift in Sources */ = {isa = PBXBuildFile; fileRef = 98B109E328190E0500A58FC8 /* iOSViewControllerFactory.swift */; };
		98B109E628195A8F00A58FC8 /* ResultsPresenterTest.swift in Sources */ = {isa = PBXBuildFile; fileRef = 98B109E528195A8F00A58FC8 /* ResultsPresenterTest.swift */; };
		98B109E828195B0800A58FC8 /* ResultsPresenter.swift in Sources */ = {isa = PBXBuildFile; fileRef = 98B109E728195B0800A58FC8 /* ResultsPresenter.swift */; };
		98B109EE281A652700A58FC8 /* QuestionPresenterTest.swift in Sources */ = {isa = PBXBuildFile; fileRef = 98B109ED281A652700A58FC8 /* QuestionPresenterTest.swift */; };
		98B109F0281A656200A58FC8 /* QuestionPresenter.swift in Sources */ = {isa = PBXBuildFile; fileRef = 98B109EF281A656200A58FC8 /* QuestionPresenter.swift */; };
/* End PBXBuildFile section */

/* Begin PBXContainerItemProxy section */
		98B1096D28118E2A00A58FC8 /* PBXContainerItemProxy */ = {
			isa = PBXContainerItemProxy;
			containerPortal = 98B1094E28118E2500A58FC8 /* Project object */;
			proxyType = 1;
			remoteGlobalIDString = 98B1095528118E2500A58FC8;
			remoteInfo = QuizApp;
		};
/* End PBXContainerItemProxy section */

/* Begin PBXFileReference section */
		9887D9372822798200CF7E9F /* .travis.yml */ = {isa = PBXFileReference; fileEncoding = 4; lastKnownFileType = text.yaml; path = .travis.yml; sourceTree = "<group>"; };
		9887D94C2825419E00CF7E9F /* ScoreTest.swift */ = {isa = PBXFileReference; fileEncoding = 4; lastKnownFileType = sourcecode.swift; path = ScoreTest.swift; sourceTree = "<group>"; };
		9887D94F282541D600CF7E9F /* BasicScore.swift */ = {isa = PBXFileReference; lastKnownFileType = sourcecode.swift; path = BasicScore.swift; sourceTree = "<group>"; };
		98B1095628118E2500A58FC8 /* QuizApp.app */ = {isa = PBXFileReference; explicitFileType = wrapper.application; includeInIndex = 0; path = QuizApp.app; sourceTree = BUILT_PRODUCTS_DIR; };
		98B1095928118E2500A58FC8 /* AppDelegate.swift */ = {isa = PBXFileReference; lastKnownFileType = sourcecode.swift; path = AppDelegate.swift; sourceTree = "<group>"; };
		98B1095B28118E2500A58FC8 /* SceneDelegate.swift */ = {isa = PBXFileReference; lastKnownFileType = sourcecode.swift; path = SceneDelegate.swift; sourceTree = "<group>"; };
		98B1096228118E2A00A58FC8 /* Assets.xcassets */ = {isa = PBXFileReference; lastKnownFileType = folder.assetcatalog; path = Assets.xcassets; sourceTree = "<group>"; };
		98B1096528118E2A00A58FC8 /* Base */ = {isa = PBXFileReference; lastKnownFileType = file.storyboard; name = Base; path = Base.lproj/LaunchScreen.storyboard; sourceTree = "<group>"; };
		98B1096728118E2A00A58FC8 /* Info.plist */ = {isa = PBXFileReference; lastKnownFileType = text.plist.xml; path = Info.plist; sourceTree = "<group>"; };
		98B1096C28118E2A00A58FC8 /* QuizAppTests.xctest */ = {isa = PBXFileReference; explicitFileType = wrapper.cfbundle; includeInIndex = 0; path = QuizAppTests.xctest; sourceTree = BUILT_PRODUCTS_DIR; };
		98B1097228118E2A00A58FC8 /* Info.plist */ = {isa = PBXFileReference; lastKnownFileType = text.plist.xml; path = Info.plist; sourceTree = "<group>"; };
		98B10989281190EB00A58FC8 /* QuestionViewController.swift */ = {isa = PBXFileReference; lastKnownFileType = sourcecode.swift; path = QuestionViewController.swift; sourceTree = "<group>"; };
		98B1098B281191D700A58FC8 /* QuestionViewControllerTest.swift */ = {isa = PBXFileReference; lastKnownFileType = sourcecode.swift; path = QuestionViewControllerTest.swift; sourceTree = "<group>"; };
		98B1098D281192DD00A58FC8 /* QuestionViewController.xib */ = {isa = PBXFileReference; lastKnownFileType = file.xib; path = QuestionViewController.xib; sourceTree = "<group>"; };
		98B109912813D08600A58FC8 /* ResultViewControllerTest.swift */ = {isa = PBXFileReference; lastKnownFileType = sourcecode.swift; path = ResultViewControllerTest.swift; sourceTree = "<group>"; };
		98B109932813D0EB00A58FC8 /* ResultViewController.swift */ = {isa = PBXFileReference; lastKnownFileType = sourcecode.swift; path = ResultViewController.swift; sourceTree = "<group>"; };
		98B109952813D11900A58FC8 /* ResultViewController.xib */ = {isa = PBXFileReference; lastKnownFileType = file.xib; path = ResultViewController.xib; sourceTree = "<group>"; };
		98B109972814054100A58FC8 /* TableViewHelpers.swift */ = {isa = PBXFileReference; lastKnownFileType = sourcecode.swift; path = TableViewHelpers.swift; sourceTree = "<group>"; };
		98B1099928140A9C00A58FC8 /* CorrectAnswerCell.xib */ = {isa = PBXFileReference; lastKnownFileType = file.xib; path = CorrectAnswerCell.xib; sourceTree = "<group>"; };
		98B1099B28140E0600A58FC8 /* WrongAnswerCell.xib */ = {isa = PBXFileReference; lastKnownFileType = file.xib; path = WrongAnswerCell.xib; sourceTree = "<group>"; };
		98B1099D28166AC000A58FC8 /* UITableViewExtenstions.swift */ = {isa = PBXFileReference; lastKnownFileType = sourcecode.swift; path = UITableViewExtenstions.swift; sourceTree = "<group>"; };
		98B1099F28166AED00A58FC8 /* PresentableAnswer.swift */ = {isa = PBXFileReference; lastKnownFileType = sourcecode.swift; path = PresentableAnswer.swift; sourceTree = "<group>"; };
		98B109A128166B0600A58FC8 /* CorrectAnswerCell.swift */ = {isa = PBXFileReference; lastKnownFileType = sourcecode.swift; path = CorrectAnswerCell.swift; sourceTree = "<group>"; };
		98B109A328166B1B00A58FC8 /* WrongAnswerCell.swift */ = {isa = PBXFileReference; lastKnownFileType = sourcecode.swift; path = WrongAnswerCell.swift; sourceTree = "<group>"; };
		98B109D32817C20700A58FC8 /* QuizEngine.framework */ = {isa = PBXFileReference; explicitFileType = wrapper.framework; path = QuizEngine.framework; sourceTree = BUILT_PRODUCTS_DIR; };
		98B109D52817CE8000A58FC8 /* NavigationControllerRouterTest.swift */ = {isa = PBXFileReference; lastKnownFileType = sourcecode.swift; path = NavigationControllerRouterTest.swift; sourceTree = "<group>"; };
		98B109D72817CF6200A58FC8 /* NavigationControllerRouter.swift */ = {isa = PBXFileReference; lastKnownFileType = sourcecode.swift; path = NavigationControllerRouter.swift; sourceTree = "<group>"; };
		98B109DF28190D5B00A58FC8 /* ViewControllerFactory.swift */ = {isa = PBXFileReference; lastKnownFileType = sourcecode.swift; path = ViewControllerFactory.swift; sourceTree = "<group>"; };
		98B109E128190D9F00A58FC8 /* iOSViewControllerFactoryTest.swift */ = {isa = PBXFileReference; lastKnownFileType = sourcecode.swift; path = iOSViewControllerFactoryTest.swift; sourceTree = "<group>"; };
		98B109E328190E0500A58FC8 /* iOSViewControllerFactory.swift */ = {isa = PBXFileReference; lastKnownFileType = sourcecode.swift; path = iOSViewControllerFactory.swift; sourceTree = "<group>"; };
		98B109E528195A8F00A58FC8 /* ResultsPresenterTest.swift */ = {isa = PBXFileReference; lastKnownFileType = sourcecode.swift; path = ResultsPresenterTest.swift; sourceTree = "<group>"; };
		98B109E728195B0800A58FC8 /* ResultsPresenter.swift */ = {isa = PBXFileReference; lastKnownFileType = sourcecode.swift; path = ResultsPresenter.swift; sourceTree = "<group>"; };
		98B109ED281A652700A58FC8 /* QuestionPresenterTest.swift */ = {isa = PBXFileReference; lastKnownFileType = sourcecode.swift; path = QuestionPresenterTest.swift; sourceTree = "<group>"; };
		98B109EF281A656200A58FC8 /* QuestionPresenter.swift */ = {isa = PBXFileReference; lastKnownFileType = sourcecode.swift; path = QuestionPresenter.swift; sourceTree = "<group>"; };
/* End PBXFileReference section */

/* Begin PBXFrameworksBuildPhase section */
		98B1095328118E2500A58FC8 /* Frameworks */ = {
			isa = PBXFrameworksBuildPhase;
			buildActionMask = 2147483647;
			files = (
				98B109D42817C20700A58FC8 /* QuizEngine.framework in Frameworks */,
			);
			runOnlyForDeploymentPostprocessing = 0;
		};
		98B1096928118E2A00A58FC8 /* Frameworks */ = {
			isa = PBXFrameworksBuildPhase;
			buildActionMask = 2147483647;
			files = (
			);
			runOnlyForDeploymentPostprocessing = 0;
		};
/* End PBXFrameworksBuildPhase section */

/* Begin PBXGroup section */
		9887D94B2825418D00CF7E9F /* Scoring */ = {
			isa = PBXGroup;
			children = (
				9887D94C2825419E00CF7E9F /* ScoreTest.swift */,
			);
			path = Scoring;
			sourceTree = "<group>";
		};
		9887D94E282541BA00CF7E9F /* Scoring */ = {
			isa = PBXGroup;
			children = (
				9887D94F282541D600CF7E9F /* BasicScore.swift */,
			);
			path = Scoring;
			sourceTree = "<group>";
		};
		98B1094D28118E2500A58FC8 = {
			isa = PBXGroup;
			children = (
				9887D9372822798200CF7E9F /* .travis.yml */,
				98B1095828118E2500A58FC8 /* QuizApp */,
				98B1096F28118E2A00A58FC8 /* QuizAppTests */,
				98B1095728118E2500A58FC8 /* Products */,
				98B109D22817C20700A58FC8 /* Frameworks */,
			);
			sourceTree = "<group>";
		};
		98B1095728118E2500A58FC8 /* Products */ = {
			isa = PBXGroup;
			children = (
				98B1095628118E2500A58FC8 /* QuizApp.app */,
				98B1096C28118E2A00A58FC8 /* QuizAppTests.xctest */,
			);
			name = Products;
			sourceTree = "<group>";
		};
		98B1095828118E2500A58FC8 /* QuizApp */ = {
			isa = PBXGroup;
			children = (
				9887D94E282541BA00CF7E9F /* Scoring */,
				98B10A07281FE5CB00A58FC8 /* Router */,
				98B10A04281FE58800A58FC8 /* Presenter */,
				98B109FE281FE4FE00A58FC8 /* UI */,
				98B109FD281FE4E800A58FC8 /* Main */,
			);
			path = QuizApp;
			sourceTree = "<group>";
		};
		98B1096F28118E2A00A58FC8 /* QuizAppTests */ = {
			isa = PBXGroup;
			children = (
				9887D94B2825418D00CF7E9F /* Scoring */,
				98B10A0E281FE63600A58FC8 /* Presenter */,
				98B10A0D281FE62900A58FC8 /* Router */,
				98B10A09281FE5F900A58FC8 /* UI */,
				98B10A08281FE5DF00A58FC8 /* Main */,
			);
			path = QuizAppTests;
			sourceTree = "<group>";
		};
		98B109D22817C20700A58FC8 /* Frameworks */ = {
			isa = PBXGroup;
			children = (
				98B109D32817C20700A58FC8 /* QuizEngine.framework */,
			);
			name = Frameworks;
			sourceTree = "<group>";
		};
		98B109FD281FE4E800A58FC8 /* Main */ = {
			isa = PBXGroup;
			children = (
				98B1095928118E2500A58FC8 /* AppDelegate.swift */,
				98B1095B28118E2500A58FC8 /* SceneDelegate.swift */,
				98B109E328190E0500A58FC8 /* iOSViewControllerFactory.swift */,
				98B1096228118E2A00A58FC8 /* Assets.xcassets */,
				98B1096728118E2A00A58FC8 /* Info.plist */,
			);
			path = Main;
			sourceTree = "<group>";
		};
		98B109FE281FE4FE00A58FC8 /* UI */ = {
			isa = PBXGroup;
			children = (
				98B10A03281FE55B00A58FC8 /* Launch */,
				98B109FF281FE51600A58FC8 /* Question */,
				98B10A00281FE52100A58FC8 /* Result */,
				98B10A02281FE54C00A58FC8 /* Helpers */,
			);
			path = UI;
			sourceTree = "<group>";
		};
		98B109FF281FE51600A58FC8 /* Question */ = {
			isa = PBXGroup;
			children = (
				98B10989281190EB00A58FC8 /* QuestionViewController.swift */,
				98B1098D281192DD00A58FC8 /* QuestionViewController.xib */,
			);
			path = Question;
			sourceTree = "<group>";
		};
		98B10A00281FE52100A58FC8 /* Result */ = {
			isa = PBXGroup;
			children = (
				98B10A01281FE53200A58FC8 /* Cells */,
				98B109932813D0EB00A58FC8 /* ResultViewController.swift */,
				98B109952813D11900A58FC8 /* ResultViewController.xib */,
			);
			path = Result;
			sourceTree = "<group>";
		};
		98B10A01281FE53200A58FC8 /* Cells */ = {
			isa = PBXGroup;
			children = (
				98B109A128166B0600A58FC8 /* CorrectAnswerCell.swift */,
				98B1099928140A9C00A58FC8 /* CorrectAnswerCell.xib */,
				98B109A328166B1B00A58FC8 /* WrongAnswerCell.swift */,
				98B1099B28140E0600A58FC8 /* WrongAnswerCell.xib */,
			);
			path = Cells;
			sourceTree = "<group>";
		};
		98B10A02281FE54C00A58FC8 /* Helpers */ = {
			isa = PBXGroup;
			children = (
				98B1099D28166AC000A58FC8 /* UITableViewExtenstions.swift */,
			);
			path = Helpers;
			sourceTree = "<group>";
		};
		98B10A03281FE55B00A58FC8 /* Launch */ = {
			isa = PBXGroup;
			children = (
				98B1096428118E2A00A58FC8 /* LaunchScreen.storyboard */,
			);
			path = Launch;
			sourceTree = "<group>";
		};
		98B10A04281FE58800A58FC8 /* Presenter */ = {
			isa = PBXGroup;
			children = (
				98B10A06281FE5A000A58FC8 /* Result */,
				98B10A05281FE59600A58FC8 /* Question */,
			);
			path = Presenter;
			sourceTree = "<group>";
		};
		98B10A05281FE59600A58FC8 /* Question */ = {
			isa = PBXGroup;
			children = (
				98B109EF281A656200A58FC8 /* QuestionPresenter.swift */,
			);
			path = Question;
			sourceTree = "<group>";
		};
		98B10A06281FE5A000A58FC8 /* Result */ = {
			isa = PBXGroup;
			children = (
				98B1099F28166AED00A58FC8 /* PresentableAnswer.swift */,
				98B109E728195B0800A58FC8 /* ResultsPresenter.swift */,
			);
			path = Result;
			sourceTree = "<group>";
		};
		98B10A07281FE5CB00A58FC8 /* Router */ = {
			isa = PBXGroup;
			children = (
				98B109D72817CF6200A58FC8 /* NavigationControllerRouter.swift */,
				98B109DF28190D5B00A58FC8 /* ViewControllerFactory.swift */,
			);
			path = Router;
			sourceTree = "<group>";
		};
		98B10A08281FE5DF00A58FC8 /* Main */ = {
			isa = PBXGroup;
			children = (
				98B109E128190D9F00A58FC8 /* iOSViewControllerFactoryTest.swift */,
				98B1097228118E2A00A58FC8 /* Info.plist */,
			);
			path = Main;
			sourceTree = "<group>";
		};
		98B10A09281FE5F900A58FC8 /* UI */ = {
			isa = PBXGroup;
			children = (
				98B10A0C281FE61D00A58FC8 /* Result */,
				98B10A0B281FE61100A58FC8 /* Question */,
				98B10A0A281FE60700A58FC8 /* Helpers */,
			);
			path = UI;
			sourceTree = "<group>";
		};
		98B10A0A281FE60700A58FC8 /* Helpers */ = {
			isa = PBXGroup;
			children = (
				98B109972814054100A58FC8 /* TableViewHelpers.swift */,
			);
			path = Helpers;
			sourceTree = "<group>";
		};
		98B10A0B281FE61100A58FC8 /* Question */ = {
			isa = PBXGroup;
			children = (
				98B1098B281191D700A58FC8 /* QuestionViewControllerTest.swift */,
			);
			path = Question;
			sourceTree = "<group>";
		};
		98B10A0C281FE61D00A58FC8 /* Result */ = {
			isa = PBXGroup;
			children = (
				98B109912813D08600A58FC8 /* ResultViewControllerTest.swift */,
			);
			path = Result;
			sourceTree = "<group>";
		};
		98B10A0D281FE62900A58FC8 /* Router */ = {
			isa = PBXGroup;
			children = (
				98B109D52817CE8000A58FC8 /* NavigationControllerRouterTest.swift */,
			);
			path = Router;
			sourceTree = "<group>";
		};
		98B10A0E281FE63600A58FC8 /* Presenter */ = {
			isa = PBXGroup;
			children = (
				98B10A10281FE64E00A58FC8 /* Result */,
				98B10A0F281FE64400A58FC8 /* Question */,
			);
			path = Presenter;
			sourceTree = "<group>";
		};
		98B10A0F281FE64400A58FC8 /* Question */ = {
			isa = PBXGroup;
			children = (
				98B109ED281A652700A58FC8 /* QuestionPresenterTest.swift */,
			);
			path = Question;
			sourceTree = "<group>";
		};
		98B10A10281FE64E00A58FC8 /* Result */ = {
			isa = PBXGroup;
			children = (
				98B109E528195A8F00A58FC8 /* ResultsPresenterTest.swift */,
			);
			path = Result;
			sourceTree = "<group>";
		};
/* End PBXGroup section */

/* Begin PBXNativeTarget section */
		98B1095528118E2500A58FC8 /* QuizApp */ = {
			isa = PBXNativeTarget;
			buildConfigurationList = 98B1098028118E2A00A58FC8 /* Build configuration list for PBXNativeTarget "QuizApp" */;
			buildPhases = (
				98B1095228118E2500A58FC8 /* Sources */,
				98B1095328118E2500A58FC8 /* Frameworks */,
				98B1095428118E2500A58FC8 /* Resources */,
			);
			buildRules = (
			);
			dependencies = (
			);
			name = QuizApp;
			productName = QuizApp;
			productReference = 98B1095628118E2500A58FC8 /* QuizApp.app */;
			productType = "com.apple.product-type.application";
		};
		98B1096B28118E2A00A58FC8 /* QuizAppTests */ = {
			isa = PBXNativeTarget;
			buildConfigurationList = 98B1098328118E2A00A58FC8 /* Build configuration list for PBXNativeTarget "QuizAppTests" */;
			buildPhases = (
				98B1096828118E2A00A58FC8 /* Sources */,
				98B1096928118E2A00A58FC8 /* Frameworks */,
				98B1096A28118E2A00A58FC8 /* Resources */,
			);
			buildRules = (
			);
			dependencies = (
				98B1096E28118E2A00A58FC8 /* PBXTargetDependency */,
			);
			name = QuizAppTests;
			productName = QuizAppTests;
			productReference = 98B1096C28118E2A00A58FC8 /* QuizAppTests.xctest */;
			productType = "com.apple.product-type.bundle.unit-test";
		};
/* End PBXNativeTarget section */

/* Begin PBXProject section */
		98B1094E28118E2500A58FC8 /* Project object */ = {
			isa = PBXProject;
			attributes = {
				LastSwiftUpdateCheck = 1250;
				LastUpgradeCheck = 1250;
				TargetAttributes = {
					98B1095528118E2500A58FC8 = {
						CreatedOnToolsVersion = 12.5;
					};
					98B1096B28118E2A00A58FC8 = {
						CreatedOnToolsVersion = 12.5;
						LastSwiftMigration = 1250;
						TestTargetID = 98B1095528118E2500A58FC8;
					};
				};
			};
			buildConfigurationList = 98B1095128118E2500A58FC8 /* Build configuration list for PBXProject "QuizApp" */;
			compatibilityVersion = "Xcode 9.3";
			developmentRegion = en;
			hasScannedForEncodings = 0;
			knownRegions = (
				en,
				Base,
			);
			mainGroup = 98B1094D28118E2500A58FC8;
			productRefGroup = 98B1095728118E2500A58FC8 /* Products */;
			projectDirPath = "";
			projectRoot = "";
			targets = (
				98B1095528118E2500A58FC8 /* QuizApp */,
				98B1096B28118E2A00A58FC8 /* QuizAppTests */,
			);
		};
/* End PBXProject section */

/* Begin PBXResourcesBuildPhase section */
		98B1095428118E2500A58FC8 /* Resources */ = {
			isa = PBXResourcesBuildPhase;
			buildActionMask = 2147483647;
			files = (
				98B1096628118E2A00A58FC8 /* LaunchScreen.storyboard in Resources */,
				98B1099C28140E0600A58FC8 /* WrongAnswerCell.xib in Resources */,
				98B1096328118E2A00A58FC8 /* Assets.xcassets in Resources */,
				98B1098E281192DD00A58FC8 /* QuestionViewController.xib in Resources */,
				98B1099A28140A9C00A58FC8 /* CorrectAnswerCell.xib in Resources */,
				9887D9382822798200CF7E9F /* .travis.yml in Resources */,
				98B109962813D11900A58FC8 /* ResultViewController.xib in Resources */,
			);
			runOnlyForDeploymentPostprocessing = 0;
		};
		98B1096A28118E2A00A58FC8 /* Resources */ = {
			isa = PBXResourcesBuildPhase;
			buildActionMask = 2147483647;
			files = (
			);
			runOnlyForDeploymentPostprocessing = 0;
		};
/* End PBXResourcesBuildPhase section */

/* Begin PBXSourcesBuildPhase section */
		98B1095228118E2500A58FC8 /* Sources */ = {
			isa = PBXSourcesBuildPhase;
			buildActionMask = 2147483647;
			files = (
				98B1095A28118E2500A58FC8 /* AppDelegate.swift in Sources */,
				9887D950282541D600CF7E9F /* BasicScore.swift in Sources */,
				98B1099E28166AC000A58FC8 /* UITableViewExtenstions.swift in Sources */,
				98B109E828195B0800A58FC8 /* ResultsPresenter.swift in Sources */,
				98B109A228166B0600A58FC8 /* CorrectAnswerCell.swift in Sources */,
				98B1095C28118E2500A58FC8 /* SceneDelegate.swift in Sources */,
				98B109A028166AED00A58FC8 /* PresentableAnswer.swift in Sources */,
				98B109A428166B1B00A58FC8 /* WrongAnswerCell.swift in Sources */,
				98B109F0281A656200A58FC8 /* QuestionPresenter.swift in Sources */,
				98B109E428190E0500A58FC8 /* iOSViewControllerFactory.swift in Sources */,
				98B109D82817CF6300A58FC8 /* NavigationControllerRouter.swift in Sources */,
				98B1098A281190EB00A58FC8 /* QuestionViewController.swift in Sources */,
				98B109942813D0EB00A58FC8 /* ResultViewController.swift in Sources */,
				98B109E028190D5B00A58FC8 /* ViewControllerFactory.swift in Sources */,
			);
			runOnlyForDeploymentPostprocessing = 0;
		};
		98B1096828118E2A00A58FC8 /* Sources */ = {
			isa = PBXSourcesBuildPhase;
			buildActionMask = 2147483647;
			files = (
				98B109E628195A8F00A58FC8 /* ResultsPresenterTest.swift in Sources */,
				98B109D62817CE8000A58FC8 /* NavigationControllerRouterTest.swift in Sources */,
				98B1098C281191D700A58FC8 /* QuestionViewControllerTest.swift in Sources */,
				9887D94D2825419E00CF7E9F /* ScoreTest.swift in Sources */,
				98B109EE281A652700A58FC8 /* QuestionPresenterTest.swift in Sources */,
				98B109982814054100A58FC8 /* TableViewHelpers.swift in Sources */,
				98B109922813D08600A58FC8 /* ResultViewControllerTest.swift in Sources */,
				98B109E228190D9F00A58FC8 /* iOSViewControllerFactoryTest.swift in Sources */,
			);
			runOnlyForDeploymentPostprocessing = 0;
		};
/* End PBXSourcesBuildPhase section */

/* Begin PBXTargetDependency section */
		98B1096E28118E2A00A58FC8 /* PBXTargetDependency */ = {
			isa = PBXTargetDependency;
			target = 98B1095528118E2500A58FC8 /* QuizApp */;
			targetProxy = 98B1096D28118E2A00A58FC8 /* PBXContainerItemProxy */;
		};
/* End PBXTargetDependency section */

/* Begin PBXVariantGroup section */
		98B1096428118E2A00A58FC8 /* LaunchScreen.storyboard */ = {
			isa = PBXVariantGroup;
			children = (
				98B1096528118E2A00A58FC8 /* Base */,
			);
			name = LaunchScreen.storyboard;
			sourceTree = "<group>";
		};
/* End PBXVariantGroup section */

/* Begin XCBuildConfiguration section */
		98B1097E28118E2A00A58FC8 /* Debug */ = {
			isa = XCBuildConfiguration;
			buildSettings = {
				ALWAYS_SEARCH_USER_PATHS = NO;
				CLANG_ANALYZER_NONNULL = YES;
				CLANG_ANALYZER_NUMBER_OBJECT_CONVERSION = YES_AGGRESSIVE;
				CLANG_CXX_LANGUAGE_STANDARD = "gnu++14";
				CLANG_CXX_LIBRARY = "libc++";
				CLANG_ENABLE_MODULES = YES;
				CLANG_ENABLE_OBJC_ARC = YES;
				CLANG_ENABLE_OBJC_WEAK = YES;
				CLANG_WARN_BLOCK_CAPTURE_AUTORELEASING = YES;
				CLANG_WARN_BOOL_CONVERSION = YES;
				CLANG_WARN_COMMA = YES;
				CLANG_WARN_CONSTANT_CONVERSION = YES;
				CLANG_WARN_DEPRECATED_OBJC_IMPLEMENTATIONS = YES;
				CLANG_WARN_DIRECT_OBJC_ISA_USAGE = YES_ERROR;
				CLANG_WARN_DOCUMENTATION_COMMENTS = YES;
				CLANG_WARN_EMPTY_BODY = YES;
				CLANG_WARN_ENUM_CONVERSION = YES;
				CLANG_WARN_INFINITE_RECURSION = YES;
				CLANG_WARN_INT_CONVERSION = YES;
				CLANG_WARN_NON_LITERAL_NULL_CONVERSION = YES;
				CLANG_WARN_OBJC_IMPLICIT_RETAIN_SELF = YES;
				CLANG_WARN_OBJC_LITERAL_CONVERSION = YES;
				CLANG_WARN_OBJC_ROOT_CLASS = YES_ERROR;
				CLANG_WARN_QUOTED_INCLUDE_IN_FRAMEWORK_HEADER = YES;
				CLANG_WARN_RANGE_LOOP_ANALYSIS = YES;
				CLANG_WARN_STRICT_PROTOTYPES = YES;
				CLANG_WARN_SUSPICIOUS_MOVE = YES;
				CLANG_WARN_UNGUARDED_AVAILABILITY = YES_AGGRESSIVE;
				CLANG_WARN_UNREACHABLE_CODE = YES;
				CLANG_WARN__DUPLICATE_METHOD_MATCH = YES;
				COPY_PHASE_STRIP = NO;
				DEBUG_INFORMATION_FORMAT = dwarf;
				ENABLE_STRICT_OBJC_MSGSEND = YES;
				ENABLE_TESTABILITY = YES;
				GCC_C_LANGUAGE_STANDARD = gnu11;
				GCC_DYNAMIC_NO_PIC = NO;
				GCC_NO_COMMON_BLOCKS = YES;
				GCC_OPTIMIZATION_LEVEL = 0;
				GCC_PREPROCESSOR_DEFINITIONS = (
					"DEBUG=1",
					"$(inherited)",
				);
				GCC_WARN_64_TO_32_BIT_CONVERSION = YES;
				GCC_WARN_ABOUT_RETURN_TYPE = YES_ERROR;
				GCC_WARN_UNDECLARED_SELECTOR = YES;
				GCC_WARN_UNINITIALIZED_AUTOS = YES_AGGRESSIVE;
				GCC_WARN_UNUSED_FUNCTION = YES;
				GCC_WARN_UNUSED_VARIABLE = YES;
				IPHONEOS_DEPLOYMENT_TARGET = 14.5;
				MTL_ENABLE_DEBUG_INFO = INCLUDE_SOURCE;
				MTL_FAST_MATH = YES;
				ONLY_ACTIVE_ARCH = YES;
				SDKROOT = iphoneos;
				SWIFT_ACTIVE_COMPILATION_CONDITIONS = DEBUG;
				SWIFT_OPTIMIZATION_LEVEL = "-Onone";
				SWIFT_VERSION = 4.2;
			};
			name = Debug;
		};
		98B1097F28118E2A00A58FC8 /* Release */ = {
			isa = XCBuildConfiguration;
			buildSettings = {
				ALWAYS_SEARCH_USER_PATHS = NO;
				CLANG_ANALYZER_NONNULL = YES;
				CLANG_ANALYZER_NUMBER_OBJECT_CONVERSION = YES_AGGRESSIVE;
				CLANG_CXX_LANGUAGE_STANDARD = "gnu++14";
				CLANG_CXX_LIBRARY = "libc++";
				CLANG_ENABLE_MODULES = YES;
				CLANG_ENABLE_OBJC_ARC = YES;
				CLANG_ENABLE_OBJC_WEAK = YES;
				CLANG_WARN_BLOCK_CAPTURE_AUTORELEASING = YES;
				CLANG_WARN_BOOL_CONVERSION = YES;
				CLANG_WARN_COMMA = YES;
				CLANG_WARN_CONSTANT_CONVERSION = YES;
				CLANG_WARN_DEPRECATED_OBJC_IMPLEMENTATIONS = YES;
				CLANG_WARN_DIRECT_OBJC_ISA_USAGE = YES_ERROR;
				CLANG_WARN_DOCUMENTATION_COMMENTS = YES;
				CLANG_WARN_EMPTY_BODY = YES;
				CLANG_WARN_ENUM_CONVERSION = YES;
				CLANG_WARN_INFINITE_RECURSION = YES;
				CLANG_WARN_INT_CONVERSION = YES;
				CLANG_WARN_NON_LITERAL_NULL_CONVERSION = YES;
				CLANG_WARN_OBJC_IMPLICIT_RETAIN_SELF = YES;
				CLANG_WARN_OBJC_LITERAL_CONVERSION = YES;
				CLANG_WARN_OBJC_ROOT_CLASS = YES_ERROR;
				CLANG_WARN_QUOTED_INCLUDE_IN_FRAMEWORK_HEADER = YES;
				CLANG_WARN_RANGE_LOOP_ANALYSIS = YES;
				CLANG_WARN_STRICT_PROTOTYPES = YES;
				CLANG_WARN_SUSPICIOUS_MOVE = YES;
				CLANG_WARN_UNGUARDED_AVAILABILITY = YES_AGGRESSIVE;
				CLANG_WARN_UNREACHABLE_CODE = YES;
				CLANG_WARN__DUPLICATE_METHOD_MATCH = YES;
				COPY_PHASE_STRIP = NO;
				DEBUG_INFORMATION_FORMAT = "dwarf-with-dsym";
				ENABLE_NS_ASSERTIONS = NO;
				ENABLE_STRICT_OBJC_MSGSEND = YES;
				GCC_C_LANGUAGE_STANDARD = gnu11;
				GCC_NO_COMMON_BLOCKS = YES;
				GCC_WARN_64_TO_32_BIT_CONVERSION = YES;
				GCC_WARN_ABOUT_RETURN_TYPE = YES_ERROR;
				GCC_WARN_UNDECLARED_SELECTOR = YES;
				GCC_WARN_UNINITIALIZED_AUTOS = YES_AGGRESSIVE;
				GCC_WARN_UNUSED_FUNCTION = YES;
				GCC_WARN_UNUSED_VARIABLE = YES;
				IPHONEOS_DEPLOYMENT_TARGET = 14.5;
				MTL_ENABLE_DEBUG_INFO = NO;
				MTL_FAST_MATH = YES;
				SDKROOT = iphoneos;
				SWIFT_COMPILATION_MODE = wholemodule;
				SWIFT_OPTIMIZATION_LEVEL = "-O";
				SWIFT_VERSION = 4.2;
				VALIDATE_PRODUCT = YES;
			};
			name = Release;
		};
		98B1098128118E2A00A58FC8 /* Debug */ = {
			isa = XCBuildConfiguration;
			buildSettings = {
				ASSETCATALOG_COMPILER_APPICON_NAME = AppIcon;
				ASSETCATALOG_COMPILER_GLOBAL_ACCENT_COLOR_NAME = AccentColor;
				CODE_SIGN_STYLE = Automatic;
				DEVELOPMENT_TEAM = PS87393A3H;
				INFOPLIST_FILE = QuizApp/Main/Info.plist;
				IPHONEOS_DEPLOYMENT_TARGET = 13.0;
				LD_RUNPATH_SEARCH_PATHS = (
					"$(inherited)",
					"@executable_path/Frameworks",
				);
				PRODUCT_BUNDLE_IDENTIFIER = sparklers.QuizApp;
				PRODUCT_NAME = "$(TARGET_NAME)";
				SWIFT_VERSION = 4.2;
				TARGETED_DEVICE_FAMILY = "1,2";
			};
			name = Debug;
		};
		98B1098228118E2A00A58FC8 /* Release */ = {
			isa = XCBuildConfiguration;
			buildSettings = {
				ASSETCATALOG_COMPILER_APPICON_NAME = AppIcon;
				ASSETCATALOG_COMPILER_GLOBAL_ACCENT_COLOR_NAME = AccentColor;
				CODE_SIGN_STYLE = Automatic;
				DEVELOPMENT_TEAM = PS87393A3H;
				INFOPLIST_FILE = QuizApp/Main/Info.plist;
				IPHONEOS_DEPLOYMENT_TARGET = 13.0;
				LD_RUNPATH_SEARCH_PATHS = (
					"$(inherited)",
					"@executable_path/Frameworks",
				);
				PRODUCT_BUNDLE_IDENTIFIER = sparklers.QuizApp;
				PRODUCT_NAME = "$(TARGET_NAME)";
				SWIFT_VERSION = 4.2;
				TARGETED_DEVICE_FAMILY = "1,2";
			};
			name = Release;
		};
		98B1098428118E2A00A58FC8 /* Debug */ = {
			isa = XCBuildConfiguration;
			buildSettings = {
				ALWAYS_EMBED_SWIFT_STANDARD_LIBRARIES = YES;
				BUNDLE_LOADER = "$(TEST_HOST)";
				CLANG_ENABLE_MODULES = YES;
				CODE_SIGN_STYLE = Automatic;
				DEVELOPMENT_TEAM = PS87393A3H;
				INFOPLIST_FILE = QuizAppTests/Main/Info.plist;
				IPHONEOS_DEPLOYMENT_TARGET = 14.5;
				LD_RUNPATH_SEARCH_PATHS = (
					"$(inherited)",
					"@executable_path/Frameworks",
					"@loader_path/Frameworks",
				);
				PRODUCT_BUNDLE_IDENTIFIER = sparklers.QuizAppTests;
				PRODUCT_NAME = "$(TARGET_NAME)";
				SWIFT_OPTIMIZATION_LEVEL = "-Onone";
				SWIFT_VERSION = 4.2;
				TARGETED_DEVICE_FAMILY = "1,2";
				TEST_HOST = "$(BUILT_PRODUCTS_DIR)/QuizApp.app/QuizApp";
			};
			name = Debug;
		};
		98B1098528118E2A00A58FC8 /* Release */ = {
			isa = XCBuildConfiguration;
			buildSettings = {
				ALWAYS_EMBED_SWIFT_STANDARD_LIBRARIES = YES;
				BUNDLE_LOADER = "$(TEST_HOST)";
				CLANG_ENABLE_MODULES = YES;
				CODE_SIGN_STYLE = Automatic;
				DEVELOPMENT_TEAM = PS87393A3H;
				INFOPLIST_FILE = QuizAppTests/Main/Info.plist;
				IPHONEOS_DEPLOYMENT_TARGET = 14.5;
				LD_RUNPATH_SEARCH_PATHS = (
					"$(inherited)",
					"@executable_path/Frameworks",
					"@loader_path/Frameworks",
				);
				PRODUCT_BUNDLE_IDENTIFIER = sparklers.QuizAppTests;
				PRODUCT_NAME = "$(TARGET_NAME)";
				SWIFT_VERSION = 4.2;
				TARGETED_DEVICE_FAMILY = "1,2";
				TEST_HOST = "$(BUILT_PRODUCTS_DIR)/QuizApp.app/QuizApp";
			};
			name = Release;
		};
/* End XCBuildConfiguration section */

/* Begin XCConfigurationList section */
		98B1095128118E2500A58FC8 /* Build configuration list for PBXProject "QuizApp" */ = {
			isa = XCConfigurationList;
			buildConfigurations = (
				98B1097E28118E2A00A58FC8 /* Debug */,
				98B1097F28118E2A00A58FC8 /* Release */,
			);
			defaultConfigurationIsVisible = 0;
			defaultConfigurationName = Release;
		};
		98B1098028118E2A00A58FC8 /* Build configuration list for PBXNativeTarget "QuizApp" */ = {
			isa = XCConfigurationList;
			buildConfigurations = (
				98B1098128118E2A00A58FC8 /* Debug */,
				98B1098228118E2A00A58FC8 /* Release */,
			);
			defaultConfigurationIsVisible = 0;
			defaultConfigurationName = Release;
		};
		98B1098328118E2A00A58FC8 /* Build configuration list for PBXNativeTarget "QuizAppTests" */ = {
			isa = XCConfigurationList;
			buildConfigurations = (
				98B1098428118E2A00A58FC8 /* Debug */,
				98B1098528118E2A00A58FC8 /* Release */,
			);
			defaultConfigurationIsVisible = 0;
			defaultConfigurationName = Release;
		};
/* End XCConfigurationList section */
	};
	rootObject = 98B1094E28118E2500A58FC8 /* Project object */;
}
